
Microsoft Visual Studio Solution File, Format Version 12.00
# Visual Studio Version 16
VisualStudioVersion = 16.0.30523.141
MinimumVisualStudioVersion = 10.0.40219.1
Project("{FAE04EC0-301F-11D3-BF4B-00C04F79EFBC}") = "Abstruct Account", "Abstruct Account\Abstruct Account.csproj", "{0C631CAF-3B7A-4F2A-9209-96B95700C405}"
EndProject
Global
	GlobalSection(SolutionConfigurationPlatforms) = preSolution
		Debug|Any CPU = Debug|Any CPU
		Release|Any CPU = Release|Any CPU
	EndGlobalSection
	GlobalSection(ProjectConfigurationPlatforms) = postSolution
		{0C631CAF-3B7A-4F2A-9209-96B95700C405}.Debug|Any CPU.ActiveCfg = Debug|Any CPU
		{0C631CAF-3B7A-4F2A-9209-96B95700C405}.Debug|Any CPU.Build.0 = Debug|Any CPU
		{0C631CAF-3B7A-4F2A-9209-96B95700C405}.Release|Any CPU.ActiveCfg = Release|Any CPU
		{0C631CAF-3B7A-4F2A-9209-96B95700C405}.Release|Any CPU.Build.0 = Release|Any CPU
	EndGlobalSection
	GlobalSection(SolutionProperties) = preSolution
		HideSolutionNode = FALSE
	EndGlobalSection
	GlobalSection(ExtensibilityGlobals) = postSolution
		SolutionGuid = {29185342-36A1-4E0A-9DF9-CB78535A7779}
	EndGlobalSection
EndGlobal
